{
    "version": 4,
    "terraform_version": "1.1.4",
    "serial": 7,
    "lineage": "f7a8b34c-b4c6-16ba-f017-1f2d5bda51da",
    "outputs": {},
    "resources": [{
            "module": "module.github[\"terraform-plan-summary\"]",
            "mode": "managed",
            "type": "github_branch",
            "name": "main",
            "provider": "provider[\"registry.terraform.io/integrations/github\"]",
            "instances": [{
                "schema_version": 0,
                "attributes": {
                    "branch": "main",
                    "etag": "W/\"4d429c1f4818d4314dcd07dd1e034b2bab0014a46bf9088635e37fd6decc64b8\"",
                    "id": "terraform-plan-summary:main",
                    "ref": "refs/heads/main",
                    "repository": "terraform-plan-summary",
                    "sha": "ad0cb343cc26f08985e5517bd2da8f0483beaa4b",
                    "source_branch": "main",
                    "source_sha": null
                },
                "sensitive_attributes": [],
                "private": "eyJzY2hlbWFfdmVyc2lvbiI6IjAifQ=="
            }]
        },
        {
            "module": "module.github[\"terraform-plan-summary\"]",
            "mode": "managed",
            "type": "github_branch",
            "name": "demo",
            "provider": "provider[\"registry.terraform.io/hashicorp/github\"]",
            "instances": [{
                "schema_version": 0,
                "attributes": {
                    "branch": "demo",
                    "etag": "W/\"2c138304ec0f031d3ffd19d45dae737be855a74a8d7e48f4fae4fc9213a6dbf6\"",
                    "id": "terraform-plan-summary:demo",
                    "ref": "refs/heads/demo",
                    "repository": "terraform-plan-summary",
                    "sha": "2e3d2c0b4513373c72b96b29592b62581e271af9",
                    "source_branch": "main",
                    "source_sha": null
                },
                "sensitive_attributes": [],
                "private": "eyJzY2hlbWFfdmVyc2lvbiI6IjAifQ=="
            }]
        },
        {
            "module": "module.github[\"terraform-plan-summary\"]",
            "mode": "managed",
            "type": "github_repository",
            "name": "repository",
            "provider": "provider[\"registry.terraform.io/integrations/github\"]",
            "instances": [{
                "schema_version": 0,
                "attributes": {
                    "allow_auto_merge": false,
                    "allow_merge_commit": true,
                    "allow_rebase_merge": true,
                    "allow_squash_merge": true,
                    "archive_on_destroy": null,
                    "archived": false,
                    "auto_init": false,
                    "branches": [{
                            "name": "main",
                            "protected": false
                        },
                        {
                            "name": "trail",
                            "protected": false
                        }
                    ],
                    "default_branch": "main",
                    "delete_branch_on_merge": false,
                    "description": "A command-line utility to print the summary of the terraform plan",
                    "etag": "W/\"7536d6c2714d2e49890a3d1ebed0a31e89b6412f973e0d631089836e25229f29\"",
                    "full_name": "hayaah/terraform-plan-summary",
                    "git_clone_url": "git://github.com/hayaah/terraform-plan-summary.git",
                    "gitignore_template": null,
                    "has_downloads": true,
                    "has_issues": true,
                    "has_projects": true,
                    "has_wiki": true,
                    "homepage_url": "",
                    "html_url": "https://github.com/hayaah/terraform-plan-summary",
                    "http_clone_url": "https://github.com/hayaah/terraform-plan-summary.git",
                    "id": "terraform-plan-summary",
                    "ignore_vulnerability_alerts_during_read": null,
                    "is_template": false,
                    "license_template": null,
                    "name": "terraform-plan-summary",
                    "node_id": "R_kgDOGq54_w",
                    "pages": [],
                    "private": false,
                    "repo_id": 447641855,
                    "ssh_clone_url": "git@github.com:hayaah/terraform-plan-summary.git",
                    "svn_url": "https://github.com/hayaah/terraform-plan-summary",
                    "template": [],
                    "topics": [
                        "summary",
                        "terraform"
                    ],
                    "visibility": "public",
                    "vulnerability_alerts": true
                },
                "sensitive_attributes": [],
                "private": "eyJzY2hlbWFfdmVyc2lvbiI6IjAifQ=="
            }]
        }
    ]
}